golang.org/x/example v0.0.0-20170904185048-46695d81d1fa h1:uHPJl+qfT9u+YpqYnV8NgFrXP5LfbzkyYh8QkofH9bU=
golang.org/x/example v0.0.0-20170904185048-46695d81d1fa/go.mod h1:M/vPs3SM4w3S4OmVVFlD+QLVyBjzhWRT/p9fjyD42Is=
golang.org/x/example v0.0.0-20230901165430-d9923f6970e9 h1:mIDhUzXOjQSo4GXJqhEJ70fBgFOL1H3M+E79RbWzU8k=
golang.org/x/example v0.0.0-20230901165430-d9923f6970e9/go.mod h1:KFX5xa4DwLf1GiLuHJgXnyZXDMwGCCRuKM9Z0r1oAsY=
